<?xml version="1.0" encoding="UTF-8"?>
<Scheme
   LastUpgradeVersion = "1010"
   version = "1.3">
   <TestAction
      buildConfiguration = "AppStore Release"
      selectedDebuggerIdentifier = "Xcode.DebuggerFoundation.Debugger.LLDB"
      selectedLauncherIdentifier = "Xcode.DebuggerFoundation.Launcher.LLDB"
      language = "en"
      shouldUseLaunchSchemeArgsEnv = "NO"
      region = "ES"
      codeCoverageEnabled = "YES">
      <Testables>
      </Testables>
      <CommandLineArguments>
      </CommandLineArguments>
      <EnvironmentVariables>
         <EnvironmentVariable
            key = "RUNNING_TESTS"
            value = "1"
            isEnabled = "YES">
         </EnvironmentVariable>
      </EnvironmentVariables>
   </TestAction>
   <LaunchAction
      buildConfiguration = "AppStore Release"
      selectedDebuggerIdentifier = "Xcode.DebuggerFoundation.Debugger.LLDB"
      selectedLauncherIdentifier = "Xcode.DebuggerFoundation.Launcher.LLDB"
      launchStyle = "0"
      useCustomWorkingDirectory = "NO"
      ignoresPersistentStateOnLaunch = "NO"
      debugDocumentVersioning = "YES"
      debugServiceExtension = "internal"
      allowLocationSimulation = "YES">
      <BuildableProductRunnable
         runnableDebuggingMode = "0">
         <BuildableReference
            BuildableIdentifier = "primary"
            BlueprintIdentifier = "BF0640FB7289EB8B5DCF1C3B"
            BuildableName = "iOS.app"
            BlueprintName = "iOS"
            ReferencedContainer = "container:TrackerBlockerMVP.xcodeproj">
         </BuildableReference>
      </BuildableProductRunnable>
      <CommandLineArguments>
      </CommandLineArguments>
      <EnvironmentVariables>
         <EnvironmentVariable
            key = "RUNNING_FROM_XCODE"
            value = "1"
            isEnabled = "YES">
         </EnvironmentVariable>
      </EnvironmentVariables>
   </LaunchAction>
   <ArchiveAction
      buildConfiguration = "AppStore Release"
      customArchiveName = "iOS"
      revealArchiveInOrganizer = "NO">
   </ArchiveAction>
</Scheme>
