// !$*UTF8*$!
{
	archiveVersion = 1;
	classes = {
	};
	objectVersion = 55;
	objects = {

/* Begin PBXBuildFile section */
		07303239F69F41178B99B790 /* TuistStrings+IOS.swift in Sources */ = {isa = PBXBuildFile; fileRef = 0DD4C099D995B6066B1C9825 /* TuistStrings+IOS.swift */; };
		08AE8D3ECD87CA23674FC659 /* tds_20250301.json in Resources */ = {isa = PBXBuildFile; fileRef = 1B1511176FF7E826D11A18CF /* tds_20250301.json */; };
		0B659DD455202A71DF21CFDF /* WKContentRuleListIdentifier.swift in Sources */ = {isa = PBXBuildFile; fileRef = B47EE78D1B96F236BBB8B982 /* WKContentRuleListIdentifier.swift */; };
		103EDDD797832E032A2F2416 /* TrackerRadarKit.framework in Frameworks */ = {isa = PBXBuildFile; fileRef = DFBBB7299D0053A1FB76F51D /* TrackerRadarKit.framework */; };
		17A7E0B7E7600136BE373184 /* WhitelistDomainsManagerMock.swift in Sources */ = {isa = PBXBuildFile; fileRef = DBCA9420953A755C6C54CB9A /* WhitelistDomainsManagerMock.swift */; };
		1F743C764D53153263752C91 /* AnalyticsServicesSpy.swift in Sources */ = {isa = PBXBuildFile; fileRef = 100A0088B2BD36840A0AEFF7 /* AnalyticsServicesSpy.swift */; };
		20B71C2C245A66608DD0ED56 /* WebViewController.swift in Sources */ = {isa = PBXBuildFile; fileRef = CE2DDC06B8599AD6A3EC7F43 /* WebViewController.swift */; };
		34EE05AFCAADF77DC029E19B /* AnalyticsServices.swift in Sources */ = {isa = PBXBuildFile; fileRef = D932FFD15A92F50FE49093D8 /* AnalyticsServices.swift */; };
		35DE86CE45034E643BB0A47A /* UIView+Extensions.swift in Sources */ = {isa = PBXBuildFile; fileRef = C7C165885F7A5D2898C11958 /* UIView+Extensions.swift */; };
		3752E83F47CE0BD6EDE305FB /* TuistAssets+IOS.swift in Sources */ = {isa = PBXBuildFile; fileRef = 535E8673661CFA3486A0EF70 /* TuistAssets+IOS.swift */; };
		37EF840945FE838E394D0635 /* TrackerDataSetAPI.swift in Sources */ = {isa = PBXBuildFile; fileRef = 1DC19C97E49DD9ED8D73162E /* TrackerDataSetAPI.swift */; };
		39255F98CD7BB00398685798 /* WebViewError.swift in Sources */ = {isa = PBXBuildFile; fileRef = 1F51D1969329F90B4D226360 /* WebViewError.swift */; };
		39393FABB5E661A473A36A9C /* ContentRuleListStoreMock.swift in Sources */ = {isa = PBXBuildFile; fileRef = DA7FBB6B41DDB4F95DC92C6F /* ContentRuleListStoreMock.swift */; };
		396BFB96ECCBA6E82570B3C3 /* CompilationReason.swift in Sources */ = {isa = PBXBuildFile; fileRef = C152B744C207B7065DE3B0A8 /* CompilationReason.swift */; };
		3C6879C1C2F5A199770E95D2 /* RuleListStateUpdates.swift in Sources */ = {isa = PBXBuildFile; fileRef = 064C5407C8A22D586E200B6D /* RuleListStateUpdates.swift */; };
		4021D6A8BF83D29B5B32BFAC /* WhitelistDomainsViewModel.swift in Sources */ = {isa = PBXBuildFile; fileRef = 4E5A1E0E38D5E3237E509FD7 /* WhitelistDomainsViewModel.swift */; };
		4736217C00ED20216953C04F /* FeatureStore.swift in Sources */ = {isa = PBXBuildFile; fileRef = 6F29E45F1748A3B53268C3F0 /* FeatureStore.swift */; };
		4F3D3D8311A4AFA65F817EBF /* WhitelistDomainsListViewModelTests.swift in Sources */ = {isa = PBXBuildFile; fileRef = 810E7B556D0F2D7BA7B783EB /* WhitelistDomainsListViewModelTests.swift */; };
		5185E871BD1267AB1B8D1E5B /* UserDefaultsMock.swift in Sources */ = {isa = PBXBuildFile; fileRef = 13D6A55F9B3A18333397C01D /* UserDefaultsMock.swift */; };
		5582F6847DBFC135BC715266 /* Colors.xcassets in Resources */ = {isa = PBXBuildFile; fileRef = AA6D15FA23F2D1E3F80E229C /* Colors.xcassets */; };
		61A3B7C436AACA1EB0A0CCBD /* RootNavigator.swift in Sources */ = {isa = PBXBuildFile; fileRef = C954A7C1E93FDBE103178D29 /* RootNavigator.swift */; };
		677125348B94D684F2870C82 /* ContentRuleListStoreProtocol.swift in Sources */ = {isa = PBXBuildFile; fileRef = D6170792EFF0CCDB3CE56FED /* ContentRuleListStoreProtocol.swift */; };
		742E6BF17E3FD0692C62F105 /* Data+Mocked.swift in Sources */ = {isa = PBXBuildFile; fileRef = B42B37E9F0B4FDE1E2143F04 /* Data+Mocked.swift */; };
		7C79BE8E428895E21B81210D /* RootNavigatorSpy.swift in Sources */ = {isa = PBXBuildFile; fileRef = 2E5BB9C9ED07B1D1FAEFE45B /* RootNavigatorSpy.swift */; };
		7E0657CAE556D0BE74C0BBCA /* WKContentRuleListManagerTests.swift in Sources */ = {isa = PBXBuildFile; fileRef = 728D6C326A26BE2A55B44FD5 /* WKContentRuleListManagerTests.swift */; };
		824D89F8C49C5B8E792EC6D0 /* UserContentController.swift in Sources */ = {isa = PBXBuildFile; fileRef = A2BE3AAD295535091517679B /* UserContentController.swift */; };
		8A16A92039DBE0411042EDBF /* TuistBundle+IOS.swift in Sources */ = {isa = PBXBuildFile; fileRef = CCFADD8BBEC0C0A87D90A17D /* TuistBundle+IOS.swift */; };
		8CD9E94C0EAA7CFB8A2F9593 /* Localizable.strings in Resources */ = {isa = PBXBuildFile; fileRef = D27E2FF3BD6A41DAAC4D1630 /* Localizable.strings */; };
		986DC3F7ADC1435DB465242C /* TDSFileStorageCache.swift in Sources */ = {isa = PBXBuildFile; fileRef = 3E634A9088C6E3811C26F6B4 /* TDSFileStorageCache.swift */; };
		998F8F70C4E0BF79B4B56F5C /* UserDefaultsProtocol.swift in Sources */ = {isa = PBXBuildFile; fileRef = 6B8CAF260E688E5BF0B06329 /* UserDefaultsProtocol.swift */; };
		AB7B0CD15D4441C516EAD6FD /* LaunchScreen.storyboard in Resources */ = {isa = PBXBuildFile; fileRef = 753F987CDF699061C8A505C7 /* LaunchScreen.storyboard */; };
		ABCA42DF4D4486D79E1EF839 /* String+URLDetector.swift in Sources */ = {isa = PBXBuildFile; fileRef = F1C98D8BDE71829BF47E81B9 /* String+URLDetector.swift */; };
		B3B4396486F9C8648D684469 /* StringURLDetectorTests.swift in Sources */ = {isa = PBXBuildFile; fileRef = 236BBBD64A805FE72C34A62C /* StringURLDetectorTests.swift */; };
		BB86B567EECAC6A71BD6EFA3 /* WhitelistDomainsListView.swift in Sources */ = {isa = PBXBuildFile; fileRef = 60DAC163BF81179DB36A0277 /* WhitelistDomainsListView.swift */; };
		BC65630E7322378C5D2BC620 /* TDSFileStorageCacheMock.swift in Sources */ = {isa = PBXBuildFile; fileRef = 513C3709143E971B562A325E /* TDSFileStorageCacheMock.swift */; };
		BD619CEC502604C0E74B5D8D /* TrackerDataSetAPIMock.swift in Sources */ = {isa = PBXBuildFile; fileRef = 928D6BF3991A5ADAE98D60FE /* TrackerDataSetAPIMock.swift */; };
		BDA8888494893E277C123F65 /* WKContentRuleListManager.swift in Sources */ = {isa = PBXBuildFile; fileRef = 5D87CFB1BD6E5C28298B5298 /* WKContentRuleListManager.swift */; };
		C3E1BF9212F8548703D25152 /* Publishers+Extensions.swift in Sources */ = {isa = PBXBuildFile; fileRef = 0CB8BA025ED59C7F20CBD591 /* Publishers+Extensions.swift */; };
		C52EE29FB260B76F6613D9B0 /* Logger.swift in Sources */ = {isa = PBXBuildFile; fileRef = 97D90EF6BFC7D005CC85C545 /* Logger.swift */; };
		CCF153FD164092E4D65F2104 /* AppDelegate.swift in Sources */ = {isa = PBXBuildFile; fileRef = 13A85AFE5D0847E65796AAE1 /* AppDelegate.swift */; };
		CE74E75C0323F6C559B86351 /* Preview Assets.xcassets in Resources */ = {isa = PBXBuildFile; fileRef = A493E6935C30386F5138C80C /* Preview Assets.xcassets */; };
		E10B42326BC4C041AB50A3A7 /* AppEnvironment.swift in Sources */ = {isa = PBXBuildFile; fileRef = DC556AD15AFBCE7C70A5965F /* AppEnvironment.swift */; };
		E97E725C30412202D8107E67 /* WhitelistDomainsManager.swift in Sources */ = {isa = PBXBuildFile; fileRef = ECF4BE25BE5F4B8CB3A92924 /* WhitelistDomainsManager.swift */; };
		ECACB707B440E789C7CC3FE2 /* WebViewErrorView.swift in Sources */ = {isa = PBXBuildFile; fileRef = 4D5AB6B47756B8E79F9715E2 /* WebViewErrorView.swift */; };
		F0707C715B5FEE03702895E2 /* Assets.xcassets in Resources */ = {isa = PBXBuildFile; fileRef = 4DFECC7F9524BCEB049E4847 /* Assets.xcassets */; };
		F1EF7FBA929BA98854CF8618 /* AppCompositionRoot.swift in Sources */ = {isa = PBXBuildFile; fileRef = 71BD8665317FA62F58FA1D63 /* AppCompositionRoot.swift */; };
		F47F38128B6C175CBC5675FD /* WebViewModel.swift in Sources */ = {isa = PBXBuildFile; fileRef = D5F8ECD26F1B1544D7B99F2B /* WebViewModel.swift */; };
		F578E14DEC7AA75C3778F5FB /* WebViewModelTests.swift in Sources */ = {isa = PBXBuildFile; fileRef = 6BCF97FDD112BF557ABB569F /* WebViewModelTests.swift */; };
		F675084A00861EA157986FBE /* Constants.swift in Sources */ = {isa = PBXBuildFile; fileRef = F8CC27163EDA9B503FD75212 /* Constants.swift */; };
		FF0D40D3A4346B8868A0C875 /* FeatureProviderMock.swift in Sources */ = {isa = PBXBuildFile; fileRef = 6161DD73EED8E7E7BC722D5B /* FeatureProviderMock.swift */; };
/* End PBXBuildFile section */

/* Begin PBXContainerItemProxy section */
		3394E6B4CE4875FB10EA4FAB /* PBXContainerItemProxy */ = {
			isa = PBXContainerItemProxy;
			containerPortal = CD4AAF2D5496AC82CA2B6A91 /* Project object */;
			proxyType = 1;
			remoteGlobalIDString = BF0640FB7289EB8B5DCF1C3B;
			remoteInfo = iOS;
		};
/* End PBXContainerItemProxy section */

/* Begin PBXCopyFilesBuildPhase section */
		1B38F9F0596C2C5C5A2E0B73 /* Embed Frameworks */ = {
			isa = PBXCopyFilesBuildPhase;
			buildActionMask = 2147483647;
			dstPath = "";
			dstSubfolderSpec = 10;
			files = (
			);
			name = "Embed Frameworks";
			runOnlyForDeploymentPostprocessing = 0;
		};
		BCA420B9CDBBABA88D4A78C8 /* Embed Frameworks */ = {
			isa = PBXCopyFilesBuildPhase;
			buildActionMask = 2147483647;
			dstPath = "";
			dstSubfolderSpec = 10;
			files = (
			);
			name = "Embed Frameworks";
			runOnlyForDeploymentPostprocessing = 0;
		};
/* End PBXCopyFilesBuildPhase section */

/* Begin PBXFileReference section */
		064C5407C8A22D586E200B6D /* RuleListStateUpdates.swift */ = {isa = PBXFileReference; lastKnownFileType = sourcecode.swift; path = RuleListStateUpdates.swift; sourceTree = "<group>"; };
		09818ECEB91EAF92CF5462B2 /* en */ = {isa = PBXFileReference; lastKnownFileType = text.plist.strings; name = en; path = en.lproj/Localizable.strings; sourceTree = "<group>"; };
		0CB8BA025ED59C7F20CBD591 /* Publishers+Extensions.swift */ = {isa = PBXFileReference; lastKnownFileType = sourcecode.swift; path = "Publishers+Extensions.swift"; sourceTree = "<group>"; };
		0DD4C099D995B6066B1C9825 /* TuistStrings+IOS.swift */ = {isa = PBXFileReference; lastKnownFileType = sourcecode.swift; path = "TuistStrings+IOS.swift"; sourceTree = "<group>"; };
		100A0088B2BD36840A0AEFF7 /* AnalyticsServicesSpy.swift */ = {isa = PBXFileReference; lastKnownFileType = sourcecode.swift; path = AnalyticsServicesSpy.swift; sourceTree = "<group>"; };
		13A85AFE5D0847E65796AAE1 /* AppDelegate.swift */ = {isa = PBXFileReference; lastKnownFileType = sourcecode.swift; path = AppDelegate.swift; sourceTree = "<group>"; };
		13D6A55F9B3A18333397C01D /* UserDefaultsMock.swift */ = {isa = PBXFileReference; lastKnownFileType = sourcecode.swift; path = UserDefaultsMock.swift; sourceTree = "<group>"; };
		1B1511176FF7E826D11A18CF /* tds_20250301.json */ = {isa = PBXFileReference; lastKnownFileType = text.json; path = tds_20250301.json; sourceTree = "<group>"; };
		1DC19C97E49DD9ED8D73162E /* TrackerDataSetAPI.swift */ = {isa = PBXFileReference; lastKnownFileType = sourcecode.swift; path = TrackerDataSetAPI.swift; sourceTree = "<group>"; };
		1F51D1969329F90B4D226360 /* WebViewError.swift */ = {isa = PBXFileReference; lastKnownFileType = sourcecode.swift; path = WebViewError.swift; sourceTree = "<group>"; };
		236BBBD64A805FE72C34A62C /* StringURLDetectorTests.swift */ = {isa = PBXFileReference; lastKnownFileType = sourcecode.swift; path = StringURLDetectorTests.swift; sourceTree = "<group>"; };
		2E5BB9C9ED07B1D1FAEFE45B /* RootNavigatorSpy.swift */ = {isa = PBXFileReference; lastKnownFileType = sourcecode.swift; path = RootNavigatorSpy.swift; sourceTree = "<group>"; };
		321B876E754D7515E4C666CC /* es */ = {isa = PBXFileReference; lastKnownFileType = text.plist.strings; name = es; path = es.lproj/Localizable.strings; sourceTree = "<group>"; };
		3E634A9088C6E3811C26F6B4 /* TDSFileStorageCache.swift */ = {isa = PBXFileReference; lastKnownFileType = sourcecode.swift; path = TDSFileStorageCache.swift; sourceTree = "<group>"; };
		4D5AB6B47756B8E79F9715E2 /* WebViewErrorView.swift */ = {isa = PBXFileReference; lastKnownFileType = sourcecode.swift; path = WebViewErrorView.swift; sourceTree = "<group>"; };
		4DFECC7F9524BCEB049E4847 /* Assets.xcassets */ = {isa = PBXFileReference; lastKnownFileType = folder.assetcatalog; path = Assets.xcassets; sourceTree = "<group>"; };
		4E5A1E0E38D5E3237E509FD7 /* WhitelistDomainsViewModel.swift */ = {isa = PBXFileReference; lastKnownFileType = sourcecode.swift; path = WhitelistDomainsViewModel.swift; sourceTree = "<group>"; };
		513C3709143E971B562A325E /* TDSFileStorageCacheMock.swift */ = {isa = PBXFileReference; lastKnownFileType = sourcecode.swift; path = TDSFileStorageCacheMock.swift; sourceTree = "<group>"; };
		535E8673661CFA3486A0EF70 /* TuistAssets+IOS.swift */ = {isa = PBXFileReference; lastKnownFileType = sourcecode.swift; path = "TuistAssets+IOS.swift"; sourceTree = "<group>"; };
		5D87CFB1BD6E5C28298B5298 /* WKContentRuleListManager.swift */ = {isa = PBXFileReference; lastKnownFileType = sourcecode.swift; path = WKContentRuleListManager.swift; sourceTree = "<group>"; };
		60DAC163BF81179DB36A0277 /* WhitelistDomainsListView.swift */ = {isa = PBXFileReference; lastKnownFileType = sourcecode.swift; path = WhitelistDomainsListView.swift; sourceTree = "<group>"; };
		6161DD73EED8E7E7BC722D5B /* FeatureProviderMock.swift */ = {isa = PBXFileReference; lastKnownFileType = sourcecode.swift; path = FeatureProviderMock.swift; sourceTree = "<group>"; };
		6B8CAF260E688E5BF0B06329 /* UserDefaultsProtocol.swift */ = {isa = PBXFileReference; lastKnownFileType = sourcecode.swift; path = UserDefaultsProtocol.swift; sourceTree = "<group>"; };
		6BCF97FDD112BF557ABB569F /* WebViewModelTests.swift */ = {isa = PBXFileReference; lastKnownFileType = sourcecode.swift; path = WebViewModelTests.swift; sourceTree = "<group>"; };
		6F29E45F1748A3B53268C3F0 /* FeatureStore.swift */ = {isa = PBXFileReference; lastKnownFileType = sourcecode.swift; path = FeatureStore.swift; sourceTree = "<group>"; };
		71BD8665317FA62F58FA1D63 /* AppCompositionRoot.swift */ = {isa = PBXFileReference; lastKnownFileType = sourcecode.swift; path = AppCompositionRoot.swift; sourceTree = "<group>"; };
		728D6C326A26BE2A55B44FD5 /* WKContentRuleListManagerTests.swift */ = {isa = PBXFileReference; lastKnownFileType = sourcecode.swift; path = WKContentRuleListManagerTests.swift; sourceTree = "<group>"; };
		810E7B556D0F2D7BA7B783EB /* WhitelistDomainsListViewModelTests.swift */ = {isa = PBXFileReference; lastKnownFileType = sourcecode.swift; path = WhitelistDomainsListViewModelTests.swift; sourceTree = "<group>"; };
		928D6BF3991A5ADAE98D60FE /* TrackerDataSetAPIMock.swift */ = {isa = PBXFileReference; lastKnownFileType = sourcecode.swift; path = TrackerDataSetAPIMock.swift; sourceTree = "<group>"; };
		97D90EF6BFC7D005CC85C545 /* Logger.swift */ = {isa = PBXFileReference; lastKnownFileType = sourcecode.swift; path = Logger.swift; sourceTree = "<group>"; };
		9F762F782C5C41EB8953FE7D /* Unit.xctest */ = {isa = PBXFileReference; explicitFileType = wrapper.cfbundle; includeInIndex = 0; path = Unit.xctest; sourceTree = BUILT_PRODUCTS_DIR; };
		A2BE3AAD295535091517679B /* UserContentController.swift */ = {isa = PBXFileReference; lastKnownFileType = sourcecode.swift; path = UserContentController.swift; sourceTree = "<group>"; };
		A493E6935C30386F5138C80C /* Preview Assets.xcassets */ = {isa = PBXFileReference; lastKnownFileType = folder.assetcatalog; path = "Preview Assets.xcassets"; sourceTree = "<group>"; };
		AA6D15FA23F2D1E3F80E229C /* Colors.xcassets */ = {isa = PBXFileReference; lastKnownFileType = folder.assetcatalog; path = Colors.xcassets; sourceTree = "<group>"; };
		B42B37E9F0B4FDE1E2143F04 /* Data+Mocked.swift */ = {isa = PBXFileReference; lastKnownFileType = sourcecode.swift; path = "Data+Mocked.swift"; sourceTree = "<group>"; };
		B47EE78D1B96F236BBB8B982 /* WKContentRuleListIdentifier.swift */ = {isa = PBXFileReference; lastKnownFileType = sourcecode.swift; path = WKContentRuleListIdentifier.swift; sourceTree = "<group>"; };
		C152B744C207B7065DE3B0A8 /* CompilationReason.swift */ = {isa = PBXFileReference; lastKnownFileType = sourcecode.swift; path = CompilationReason.swift; sourceTree = "<group>"; };
		C7C165885F7A5D2898C11958 /* UIView+Extensions.swift */ = {isa = PBXFileReference; lastKnownFileType = sourcecode.swift; path = "UIView+Extensions.swift"; sourceTree = "<group>"; };
		C954A7C1E93FDBE103178D29 /* RootNavigator.swift */ = {isa = PBXFileReference; lastKnownFileType = sourcecode.swift; path = RootNavigator.swift; sourceTree = "<group>"; };
		CC2EA09984FCA69913F56262 /* iOS.app */ = {isa = PBXFileReference; explicitFileType = wrapper.application; includeInIndex = 0; path = iOS.app; sourceTree = BUILT_PRODUCTS_DIR; };
		CCFADD8BBEC0C0A87D90A17D /* TuistBundle+IOS.swift */ = {isa = PBXFileReference; lastKnownFileType = sourcecode.swift; path = "TuistBundle+IOS.swift"; sourceTree = "<group>"; };
		CE2DDC06B8599AD6A3EC7F43 /* WebViewController.swift */ = {isa = PBXFileReference; lastKnownFileType = sourcecode.swift; path = WebViewController.swift; sourceTree = "<group>"; };
		D0EDD1220956C9C06BDFA456 /* Base */ = {isa = PBXFileReference; lastKnownFileType = file.storyboard; name = Base; path = Base.lproj/LaunchScreen.storyboard; sourceTree = "<group>"; };
		D5F8ECD26F1B1544D7B99F2B /* WebViewModel.swift */ = {isa = PBXFileReference; lastKnownFileType = sourcecode.swift; path = WebViewModel.swift; sourceTree = "<group>"; };
		D6170792EFF0CCDB3CE56FED /* ContentRuleListStoreProtocol.swift */ = {isa = PBXFileReference; lastKnownFileType = sourcecode.swift; path = ContentRuleListStoreProtocol.swift; sourceTree = "<group>"; };
		D932FFD15A92F50FE49093D8 /* AnalyticsServices.swift */ = {isa = PBXFileReference; lastKnownFileType = sourcecode.swift; path = AnalyticsServices.swift; sourceTree = "<group>"; };
		DA7FBB6B41DDB4F95DC92C6F /* ContentRuleListStoreMock.swift */ = {isa = PBXFileReference; lastKnownFileType = sourcecode.swift; path = ContentRuleListStoreMock.swift; sourceTree = "<group>"; };
		DBCA9420953A755C6C54CB9A /* WhitelistDomainsManagerMock.swift */ = {isa = PBXFileReference; lastKnownFileType = sourcecode.swift; path = WhitelistDomainsManagerMock.swift; sourceTree = "<group>"; };
		DC556AD15AFBCE7C70A5965F /* AppEnvironment.swift */ = {isa = PBXFileReference; lastKnownFileType = sourcecode.swift; path = AppEnvironment.swift; sourceTree = "<group>"; };
		DFBBB7299D0053A1FB76F51D /* TrackerRadarKit.framework */ = {isa = PBXFileReference; explicitFileType = wrapper.framework; includeInIndex = 0; path = TrackerRadarKit.framework; sourceTree = BUILT_PRODUCTS_DIR; };
		ECF4BE25BE5F4B8CB3A92924 /* WhitelistDomainsManager.swift */ = {isa = PBXFileReference; lastKnownFileType = sourcecode.swift; path = WhitelistDomainsManager.swift; sourceTree = "<group>"; };
		F0B771F54B2B8DDC87B12D2F /* Unit-Info.plist */ = {isa = PBXFileReference; lastKnownFileType = text.plist; path = "Unit-Info.plist"; sourceTree = "<group>"; };
		F1C98D8BDE71829BF47E81B9 /* String+URLDetector.swift */ = {isa = PBXFileReference; lastKnownFileType = sourcecode.swift; path = "String+URLDetector.swift"; sourceTree = "<group>"; };
		F8CC27163EDA9B503FD75212 /* Constants.swift */ = {isa = PBXFileReference; lastKnownFileType = sourcecode.swift; path = Constants.swift; sourceTree = "<group>"; };
/* End PBXFileReference section */

/* Begin PBXFrameworksBuildPhase section */
		41198FC1F85F78559320B00D /* Frameworks */ = {
			isa = PBXFrameworksBuildPhase;
			buildActionMask = 2147483647;
			files = (
				103EDDD797832E032A2F2416 /* TrackerRadarKit.framework in Frameworks */,
			);
			runOnlyForDeploymentPostprocessing = 0;
		};
		D847C8B001AC4C1BB6AC9010 /* Frameworks */ = {
			isa = PBXFrameworksBuildPhase;
			buildActionMask = 2147483647;
			files = (
			);
			runOnlyForDeploymentPostprocessing = 0;
		};
/* End PBXFrameworksBuildPhase section */

/* Begin PBXGroup section */
		03D417ED99508D8696122C61 /* Managers */ = {
			isa = PBXGroup;
			children = (
				D6170792EFF0CCDB3CE56FED /* ContentRuleListStoreProtocol.swift */,
			);
			path = Managers;
			sourceTree = "<group>";
		};
		0DBFB566D4CD7BFBC104E5C6 /* FeatureStore */ = {
			isa = PBXGroup;
			children = (
				6F29E45F1748A3B53268C3F0 /* FeatureStore.swift */,
			);
			path = FeatureStore;
			sourceTree = "<group>";
		};
		1972DD9A6482A8A01AB93237 /* WebView */ = {
			isa = PBXGroup;
			children = (
				CE2DDC06B8599AD6A3EC7F43 /* WebViewController.swift */,
				D5F8ECD26F1B1544D7B99F2B /* WebViewModel.swift */,
			);
			path = WebView;
			sourceTree = "<group>";
		};
		1BB61963BA73C6F05D160619 /* Sources */ = {
			isa = PBXGroup;
			children = (
				26E241BBAFCAAEC4C7978662 /* Extensions */,
				AF80B7842016712182DCBBC4 /* Features */,
				CB873213AED48CDBF37CB8B1 /* Library */,
				71BD8665317FA62F58FA1D63 /* AppCompositionRoot.swift */,
				13A85AFE5D0847E65796AAE1 /* AppDelegate.swift */,
				DC556AD15AFBCE7C70A5965F /* AppEnvironment.swift */,
				F8CC27163EDA9B503FD75212 /* Constants.swift */,
				C954A7C1E93FDBE103178D29 /* RootNavigator.swift */,
			);
			path = Sources;
			sourceTree = "<group>";
		};
		1D17A2CF87A7674F2A5F3963 /* InfoPlists */ = {
			isa = PBXGroup;
			children = (
				F0B771F54B2B8DDC87B12D2F /* Unit-Info.plist */,
			);
			path = InfoPlists;
			sourceTree = "<group>";
		};
		24C0D92C4D8997B3A0A6DD72 /* Derived */ = {
			isa = PBXGroup;
			children = (
				1D17A2CF87A7674F2A5F3963 /* InfoPlists */,
				FC862780F83D1DEA3B9693CF /* Sources */,
			);
			path = Derived;
			sourceTree = "<group>";
		};
		26E241BBAFCAAEC4C7978662 /* Extensions */ = {
			isa = PBXGroup;
			children = (
				0CB8BA025ED59C7F20CBD591 /* Publishers+Extensions.swift */,
				F1C98D8BDE71829BF47E81B9 /* String+URLDetector.swift */,
				C7C165885F7A5D2898C11958 /* UIView+Extensions.swift */,
			);
			path = Extensions;
			sourceTree = "<group>";
		};
		2CE522DA36EE6116A1392FB4 /* Views */ = {
			isa = PBXGroup;
			children = (
				EF7C88D3ECA3D897F62A19D2 /* Error */,
				1972DD9A6482A8A01AB93237 /* WebView */,
			);
			path = Views;
			sourceTree = "<group>";
		};
		2D633E1A4885D51341B2612F /* WebView */ = {
			isa = PBXGroup;
			children = (
				51D488EA2BCC0C8B27E79CA4 /* Controllers */,
				B6A390C8F177786B587A5E9B /* Models */,
				2CE522DA36EE6116A1392FB4 /* Views */,
			);
			path = WebView;
			sourceTree = "<group>";
		};
		336C8DA01248AAD09680DCD8 /* Resources */ = {
			isa = PBXGroup;
			children = (
				D38CFFDFBDABDA0E0D720C11 /* Preview Content */,
				4DFECC7F9524BCEB049E4847 /* Assets.xcassets */,
				AA6D15FA23F2D1E3F80E229C /* Colors.xcassets */,
				1B1511176FF7E826D11A18CF /* tds_20250301.json */,
			);
			path = Resources;
			sourceTree = "<group>";
		};
		390FD611AF5D9849A796AA0A /* TestDoubles */ = {
			isa = PBXGroup;
			children = (
				100A0088B2BD36840A0AEFF7 /* AnalyticsServicesSpy.swift */,
				DA7FBB6B41DDB4F95DC92C6F /* ContentRuleListStoreMock.swift */,
				6161DD73EED8E7E7BC722D5B /* FeatureProviderMock.swift */,
				2E5BB9C9ED07B1D1FAEFE45B /* RootNavigatorSpy.swift */,
				513C3709143E971B562A325E /* TDSFileStorageCacheMock.swift */,
				928D6BF3991A5ADAE98D60FE /* TrackerDataSetAPIMock.swift */,
				13D6A55F9B3A18333397C01D /* UserDefaultsMock.swift */,
				DBCA9420953A755C6C54CB9A /* WhitelistDomainsManagerMock.swift */,
			);
			path = TestDoubles;
			sourceTree = "<group>";
		};
		3F6C93ACE132941F9F38C4A9 /* WhitelistDomains */ = {
			isa = PBXGroup;
			children = (
				E171E397FC4B3157E74B769A /* Managers */,
				FA7C3A4C6B02D52309063132 /* Views */,
			);
			path = WhitelistDomains;
			sourceTree = "<group>";
		};
		4FB6F241F60C8144DCFC7080 /* WhitelistDomainsList */ = {
			isa = PBXGroup;
			children = (
				60DAC163BF81179DB36A0277 /* WhitelistDomainsListView.swift */,
				4E5A1E0E38D5E3237E509FD7 /* WhitelistDomainsViewModel.swift */,
			);
			path = WhitelistDomainsList;
			sourceTree = "<group>";
		};
		51D488EA2BCC0C8B27E79CA4 /* Controllers */ = {
			isa = PBXGroup;
			children = (
				A2BE3AAD295535091517679B /* UserContentController.swift */,
			);
			path = Controllers;
			sourceTree = "<group>";
		};
		731D23AFAB36B0C0C4A381A5 /* Logging */ = {
			isa = PBXGroup;
			children = (
				97D90EF6BFC7D005CC85C545 /* Logger.swift */,
			);
			path = Logging;
			sourceTree = "<group>";
		};
		765A570C1EC9141C31B3203D /* WKContentRuleList */ = {
			isa = PBXGroup;
			children = (
				B0E48186FC9AD395659E8E3D /* DataSources */,
				03D417ED99508D8696122C61 /* Managers */,
				D4D588C5FCE382234B2D3BB7 /* Models */,
				5D87CFB1BD6E5C28298B5298 /* WKContentRuleListManager.swift */,
			);
			path = WKContentRuleList;
			sourceTree = "<group>";
		};
		7773DA7D96848CB3E870DB50 /* Mothers */ = {
			isa = PBXGroup;
			children = (
				B42B37E9F0B4FDE1E2143F04 /* Data+Mocked.swift */,
			);
			path = Mothers;
			sourceTree = "<group>";
		};
		7B748C634A95052940A9C889 /* Features */ = {
			isa = PBXGroup;
			children = (
				6BCF97FDD112BF557ABB569F /* WebViewModelTests.swift */,
				810E7B556D0F2D7BA7B783EB /* WhitelistDomainsListViewModelTests.swift */,
				728D6C326A26BE2A55B44FD5 /* WKContentRuleListManagerTests.swift */,
			);
			path = Features;
			sourceTree = "<group>";
		};
		AF80B7842016712182DCBBC4 /* Features */ = {
			isa = PBXGroup;
			children = (
				2D633E1A4885D51341B2612F /* WebView */,
				3F6C93ACE132941F9F38C4A9 /* WhitelistDomains */,
				765A570C1EC9141C31B3203D /* WKContentRuleList */,
			);
			path = Features;
			sourceTree = "<group>";
		};
		B0E48186FC9AD395659E8E3D /* DataSources */ = {
			isa = PBXGroup;
			children = (
				3E634A9088C6E3811C26F6B4 /* TDSFileStorageCache.swift */,
				1DC19C97E49DD9ED8D73162E /* TrackerDataSetAPI.swift */,
				6B8CAF260E688E5BF0B06329 /* UserDefaultsProtocol.swift */,
			);
			path = DataSources;
			sourceTree = "<group>";
		};
		B6A390C8F177786B587A5E9B /* Models */ = {
			isa = PBXGroup;
			children = (
				1F51D1969329F90B4D226360 /* WebViewError.swift */,
			);
			path = Models;
			sourceTree = "<group>";
		};
		B8F02728CE08F7A91B60686F /* Tests */ = {
			isa = PBXGroup;
			children = (
				CF4EBFDAE65FF605E5987626 /* Unit */,
			);
			path = Tests;
			sourceTree = "<group>";
		};
		C4764503F88EC0CDC0F36A1F /* Supporting files */ = {
			isa = PBXGroup;
			children = (
				753F987CDF699061C8A505C7 /* LaunchScreen.storyboard */,
				D27E2FF3BD6A41DAAC4D1630 /* Localizable.strings */,
			);
			path = "Supporting files";
			sourceTree = "<group>";
		};
		CAF43E8A530BD108AC4270F9 /* AnalyticsServices */ = {
			isa = PBXGroup;
			children = (
				D932FFD15A92F50FE49093D8 /* AnalyticsServices.swift */,
			);
			path = AnalyticsServices;
			sourceTree = "<group>";
		};
		CB873213AED48CDBF37CB8B1 /* Library */ = {
			isa = PBXGroup;
			children = (
				CAF43E8A530BD108AC4270F9 /* AnalyticsServices */,
				0DBFB566D4CD7BFBC104E5C6 /* FeatureStore */,
				731D23AFAB36B0C0C4A381A5 /* Logging */,
			);
			path = Library;
			sourceTree = "<group>";
		};
		CF4EBFDAE65FF605E5987626 /* Unit */ = {
			isa = PBXGroup;
			children = (
				D82C902FB0B1731771E0E962 /* Extensions */,
				7B748C634A95052940A9C889 /* Features */,
				7773DA7D96848CB3E870DB50 /* Mothers */,
				390FD611AF5D9849A796AA0A /* TestDoubles */,
			);
			path = Unit;
			sourceTree = "<group>";
		};
		CFDC8750DB33A7C4C7010EAC /* Project */ = {
			isa = PBXGroup;
			children = (
				24C0D92C4D8997B3A0A6DD72 /* Derived */,
				336C8DA01248AAD09680DCD8 /* Resources */,
				1BB61963BA73C6F05D160619 /* Sources */,
				C4764503F88EC0CDC0F36A1F /* Supporting files */,
				B8F02728CE08F7A91B60686F /* Tests */,
			);
			name = Project;
			sourceTree = "<group>";
		};
		D38CFFDFBDABDA0E0D720C11 /* Preview Content */ = {
			isa = PBXGroup;
			children = (
				A493E6935C30386F5138C80C /* Preview Assets.xcassets */,
			);
			path = "Preview Content";
			sourceTree = "<group>";
		};
		D4D588C5FCE382234B2D3BB7 /* Models */ = {
			isa = PBXGroup;
			children = (
				C152B744C207B7065DE3B0A8 /* CompilationReason.swift */,
				064C5407C8A22D586E200B6D /* RuleListStateUpdates.swift */,
				B47EE78D1B96F236BBB8B982 /* WKContentRuleListIdentifier.swift */,
			);
			path = Models;
			sourceTree = "<group>";
		};
		D82C902FB0B1731771E0E962 /* Extensions */ = {
			isa = PBXGroup;
			children = (
				236BBBD64A805FE72C34A62C /* StringURLDetectorTests.swift */,
			);
			path = Extensions;
			sourceTree = "<group>";
		};
		D8EC96FA28D2D13C5383EE46 = {
			isa = PBXGroup;
			children = (
				CFDC8750DB33A7C4C7010EAC /* Project */,
				EE636C6620B913CA0BA03533 /* Products */,
			);
			sourceTree = "<group>";
		};
		E171E397FC4B3157E74B769A /* Managers */ = {
			isa = PBXGroup;
			children = (
				ECF4BE25BE5F4B8CB3A92924 /* WhitelistDomainsManager.swift */,
			);
			path = Managers;
			sourceTree = "<group>";
		};
		EE636C6620B913CA0BA03533 /* Products */ = {
			isa = PBXGroup;
			children = (
				CC2EA09984FCA69913F56262 /* iOS.app */,
				DFBBB7299D0053A1FB76F51D /* TrackerRadarKit.framework */,
				9F762F782C5C41EB8953FE7D /* Unit.xctest */,
			);
			name = Products;
			sourceTree = "<group>";
		};
		EF7C88D3ECA3D897F62A19D2 /* Error */ = {
			isa = PBXGroup;
			children = (
				4D5AB6B47756B8E79F9715E2 /* WebViewErrorView.swift */,
			);
			path = Error;
			sourceTree = "<group>";
		};
		FA7C3A4C6B02D52309063132 /* Views */ = {
			isa = PBXGroup;
			children = (
				4FB6F241F60C8144DCFC7080 /* WhitelistDomainsList */,
			);
			path = Views;
			sourceTree = "<group>";
		};
		FC862780F83D1DEA3B9693CF /* Sources */ = {
			isa = PBXGroup;
			children = (
				535E8673661CFA3486A0EF70 /* TuistAssets+IOS.swift */,
				CCFADD8BBEC0C0A87D90A17D /* TuistBundle+IOS.swift */,
				0DD4C099D995B6066B1C9825 /* TuistStrings+IOS.swift */,
			);
			path = Sources;
			sourceTree = "<group>";
		};
/* End PBXGroup section */

/* Begin PBXNativeTarget section */
		851A375713D96DB9F1B1A699 /* Unit */ = {
			isa = PBXNativeTarget;
			buildConfigurationList = 7A54C9411EB1F5B36E116F98 /* Build configuration list for PBXNativeTarget "Unit" */;
			buildPhases = (
				C97C27045F517C010D2A57DD /* Sources */,
				E22968D46E765C937C11203A /* Resources */,
				D847C8B001AC4C1BB6AC9010 /* Frameworks */,
				BCA420B9CDBBABA88D4A78C8 /* Embed Frameworks */,
			);
			buildRules = (
			);
			dependencies = (
				A162661674824C26BD8E2CC1 /* PBXTargetDependency */,
			);
			name = Unit;
			packageProductDependencies = (
			);
			productName = Unit;
			productReference = 9F762F782C5C41EB8953FE7D /* Unit.xctest */;
			productType = "com.apple.product-type.bundle.unit-test";
		};
		BF0640FB7289EB8B5DCF1C3B /* iOS */ = {
			isa = PBXNativeTarget;
			buildConfigurationList = 854A8771BD887FA06DACB257 /* Build configuration list for PBXNativeTarget "iOS" */;
			buildPhases = (
				BFDF8EF6622C4639F5D8D9EF /* Sources */,
				647E9AC148C6A7F65ECCFA25 /* Resources */,
				41198FC1F85F78559320B00D /* Frameworks */,
				1B38F9F0596C2C5C5A2E0B73 /* Embed Frameworks */,
			);
			buildRules = (
			);
			dependencies = (
			);
			name = iOS;
			packageProductDependencies = (
			);
			productName = iOS;
			productReference = CC2EA09984FCA69913F56262 /* iOS.app */;
			productType = "com.apple.product-type.application";
		};
/* End PBXNativeTarget section */

/* Begin PBXProject section */
		CD4AAF2D5496AC82CA2B6A91 /* Project object */ = {
			isa = PBXProject;
			attributes = {
				BuildIndependentTargetsInParallel = YES;
				TargetAttributes = {
					851A375713D96DB9F1B1A699 = {
						TestTargetID = BF0640FB7289EB8B5DCF1C3B;
					};
				};
			};
			buildConfigurationList = 431A710F3E65204D91DD71D2 /* Build configuration list for PBXProject "TrackerBlockerMVP" */;
			compatibilityVersion = "Xcode 14.0";
			developmentRegion = en;
			hasScannedForEncodings = 0;
			knownRegions = (
				Base,
				en,
				es,
			);
			mainGroup = D8EC96FA28D2D13C5383EE46;
			productRefGroup = EE636C6620B913CA0BA03533 /* Products */;
			projectDirPath = "";
			projectRoot = "";
			targets = (
				851A375713D96DB9F1B1A699 /* Unit */,
				BF0640FB7289EB8B5DCF1C3B /* iOS */,
			);
		};
/* End PBXProject section */

/* Begin PBXResourcesBuildPhase section */
		647E9AC148C6A7F65ECCFA25 /* Resources */ = {
			isa = PBXResourcesBuildPhase;
			buildActionMask = 2147483647;
			files = (
				F0707C715B5FEE03702895E2 /* Assets.xcassets in Resources */,
				5582F6847DBFC135BC715266 /* Colors.xcassets in Resources */,
				CE74E75C0323F6C559B86351 /* Preview Assets.xcassets in Resources */,
				08AE8D3ECD87CA23674FC659 /* tds_20250301.json in Resources */,
				AB7B0CD15D4441C516EAD6FD /* LaunchScreen.storyboard in Resources */,
				8CD9E94C0EAA7CFB8A2F9593 /* Localizable.strings in Resources */,
			);
			runOnlyForDeploymentPostprocessing = 0;
		};
		E22968D46E765C937C11203A /* Resources */ = {
			isa = PBXResourcesBuildPhase;
			buildActionMask = 2147483647;
			files = (
			);
			runOnlyForDeploymentPostprocessing = 0;
		};
/* End PBXResourcesBuildPhase section */

/* Begin PBXSourcesBuildPhase section */
		BFDF8EF6622C4639F5D8D9EF /* Sources */ = {
			isa = PBXSourcesBuildPhase;
			buildActionMask = 2147483647;
			files = (
				3752E83F47CE0BD6EDE305FB /* TuistAssets+IOS.swift in Sources */,
				8A16A92039DBE0411042EDBF /* TuistBundle+IOS.swift in Sources */,
				07303239F69F41178B99B790 /* TuistStrings+IOS.swift in Sources */,
				F1EF7FBA929BA98854CF8618 /* AppCompositionRoot.swift in Sources */,
				CCF153FD164092E4D65F2104 /* AppDelegate.swift in Sources */,
				E10B42326BC4C041AB50A3A7 /* AppEnvironment.swift in Sources */,
				F675084A00861EA157986FBE /* Constants.swift in Sources */,
				C3E1BF9212F8548703D25152 /* Publishers+Extensions.swift in Sources */,
				ABCA42DF4D4486D79E1EF839 /* String+URLDetector.swift in Sources */,
				35DE86CE45034E643BB0A47A /* UIView+Extensions.swift in Sources */,
				986DC3F7ADC1435DB465242C /* TDSFileStorageCache.swift in Sources */,
				37EF840945FE838E394D0635 /* TrackerDataSetAPI.swift in Sources */,
				998F8F70C4E0BF79B4B56F5C /* UserDefaultsProtocol.swift in Sources */,
				677125348B94D684F2870C82 /* ContentRuleListStoreProtocol.swift in Sources */,
				396BFB96ECCBA6E82570B3C3 /* CompilationReason.swift in Sources */,
				3C6879C1C2F5A199770E95D2 /* RuleListStateUpdates.swift in Sources */,
				0B659DD455202A71DF21CFDF /* WKContentRuleListIdentifier.swift in Sources */,
				BDA8888494893E277C123F65 /* WKContentRuleListManager.swift in Sources */,
				824D89F8C49C5B8E792EC6D0 /* UserContentController.swift in Sources */,
				39255F98CD7BB00398685798 /* WebViewError.swift in Sources */,
				ECACB707B440E789C7CC3FE2 /* WebViewErrorView.swift in Sources */,
				20B71C2C245A66608DD0ED56 /* WebViewController.swift in Sources */,
				F47F38128B6C175CBC5675FD /* WebViewModel.swift in Sources */,
				E97E725C30412202D8107E67 /* WhitelistDomainsManager.swift in Sources */,
				BB86B567EECAC6A71BD6EFA3 /* WhitelistDomainsListView.swift in Sources */,
				4021D6A8BF83D29B5B32BFAC /* WhitelistDomainsViewModel.swift in Sources */,
				34EE05AFCAADF77DC029E19B /* AnalyticsServices.swift in Sources */,
				4736217C00ED20216953C04F /* FeatureStore.swift in Sources */,
				C52EE29FB260B76F6613D9B0 /* Logger.swift in Sources */,
				61A3B7C436AACA1EB0A0CCBD /* RootNavigator.swift in Sources */,
			);
			runOnlyForDeploymentPostprocessing = 0;
		};
		C97C27045F517C010D2A57DD /* Sources */ = {
			isa = PBXSourcesBuildPhase;
			buildActionMask = 2147483647;
			files = (
				B3B4396486F9C8648D684469 /* StringURLDetectorTests.swift in Sources */,
				7E0657CAE556D0BE74C0BBCA /* WKContentRuleListManagerTests.swift in Sources */,
				F578E14DEC7AA75C3778F5FB /* WebViewModelTests.swift in Sources */,
				4F3D3D8311A4AFA65F817EBF /* WhitelistDomainsListViewModelTests.swift in Sources */,
				742E6BF17E3FD0692C62F105 /* Data+Mocked.swift in Sources */,
				1F743C764D53153263752C91 /* AnalyticsServicesSpy.swift in Sources */,
				39393FABB5E661A473A36A9C /* ContentRuleListStoreMock.swift in Sources */,
				FF0D40D3A4346B8868A0C875 /* FeatureProviderMock.swift in Sources */,
				7C79BE8E428895E21B81210D /* RootNavigatorSpy.swift in Sources */,
				BC65630E7322378C5D2BC620 /* TDSFileStorageCacheMock.swift in Sources */,
				BD619CEC502604C0E74B5D8D /* TrackerDataSetAPIMock.swift in Sources */,
				5185E871BD1267AB1B8D1E5B /* UserDefaultsMock.swift in Sources */,
				17A7E0B7E7600136BE373184 /* WhitelistDomainsManagerMock.swift in Sources */,
			);
			runOnlyForDeploymentPostprocessing = 0;
		};
/* End PBXSourcesBuildPhase section */

/* Begin PBXTargetDependency section */
		A162661674824C26BD8E2CC1 /* PBXTargetDependency */ = {
			isa = PBXTargetDependency;
			name = iOS;
			target = BF0640FB7289EB8B5DCF1C3B /* iOS */;
			targetProxy = 3394E6B4CE4875FB10EA4FAB /* PBXContainerItemProxy */;
		};
/* End PBXTargetDependency section */

/* Begin PBXVariantGroup section */
		753F987CDF699061C8A505C7 /* LaunchScreen.storyboard */ = {
			isa = PBXVariantGroup;
			children = (
				D0EDD1220956C9C06BDFA456 /* Base */,
			);
			name = LaunchScreen.storyboard;
			sourceTree = "<group>";
		};
		D27E2FF3BD6A41DAAC4D1630 /* Localizable.strings */ = {
			isa = PBXVariantGroup;
			children = (
				09818ECEB91EAF92CF5462B2 /* en */,
				321B876E754D7515E4C666CC /* es */,
			);
			name = Localizable.strings;
			sourceTree = "<group>";
		};
/* End PBXVariantGroup section */

/* Begin XCBuildConfiguration section */
		0491FD33522972862EA07050 /* Beta Release */ = {
			isa = XCBuildConfiguration;
			buildSettings = {
				BUNDLE_LOADER = "$(TEST_HOST)";
				CODE_SIGN_IDENTITY = "iPhone Developer";
				INFOPLIST_FILE = "Derived/InfoPlists/Unit-Info.plist";
				IPHONEOS_DEPLOYMENT_TARGET = 17.0;
				LD_RUNPATH_SEARCH_PATHS = (
					"$(inherited)",
					"@executable_path/Frameworks",
					"@loader_path/Frameworks",
				);
				PRODUCT_BUNDLE_IDENTIFIER = "$(PRODUCT_BUNDLE_IDENTIFIER_BASE).Unit";
				PRODUCT_NAME = Unit;
				SDKROOT = iphoneos;
				SUPPORTS_MACCATALYST = NO;
				SUPPORTS_MAC_DESIGNED_FOR_IPHONE_IPAD = YES;
				SUPPORTS_XR_DESIGNED_FOR_IPHONE_IPAD = NO;
				SWIFT_COMPILATION_MODE = wholemodule;
				SWIFT_OPTIMIZATION_LEVEL = "-Owholemodule";
				TARGETED_DEVICE_FAMILY = "1,2";
				TEST_HOST = "$(BUILT_PRODUCTS_DIR)/iOS.app/$(BUNDLE_EXECUTABLE_FOLDER_PATH)/iOS";
				TEST_TARGET_NAME = iOS;
			};
			name = "Beta Release";
		};
		05FF8476A2610B97652DFFE9 /* Beta Debug */ = {
			isa = XCBuildConfiguration;
			buildSettings = {
				ASSETCATALOG_COMPILER_APPICON_NAME = AppIcon;
				CODE_SIGN_ENTITLEMENTS = "Supporting files/Entitlements/DebugBeta.entitlements";
				CODE_SIGN_IDENTITY = "iPhone Developer";
				DEVELOPMENT_TEAM = 3C5G49HFXP;
				ENABLE_PREVIEWS = YES;
				INFOPLIST_FILE = "Supporting files/Infoplist/Info-beta.plist";
				IPHONEOS_DEPLOYMENT_TARGET = 17.0;
				LAUNCH_SCREEN = LaunchScreen;
				LD_RUNPATH_SEARCH_PATHS = (
					"$(inherited)",
					"@executable_path/Frameworks",
				);
				PRODUCT_BUNDLE_IDENTIFIER = "$(PRODUCT_BUNDLE_IDENTIFIER_BASE)";
				PRODUCT_NAME = iOS;
				SDKROOT = iphoneos;
				SUPPORTS_MACCATALYST = NO;
				SUPPORTS_MAC_DESIGNED_FOR_IPHONE_IPAD = YES;
				SUPPORTS_XR_DESIGNED_FOR_IPHONE_IPAD = NO;
				SWIFT_COMPILATION_MODE = singlefile;
				SWIFT_OPTIMIZATION_LEVEL = "-Onone";
				TARGETED_DEVICE_FAMILY = "1,2";
			};
			name = "Beta Debug";
		};
		0E939E9DA746B6F312B08E8D /* Beta Release */ = {
			isa = XCBuildConfiguration;
			buildSettings = {
				ALWAYS_SEARCH_USER_PATHS = NO;
				APPLICATION_EXTENSION_API_ONLY = NO;
				CLANG_ANALYZER_LOCALIZABILITY_NONLOCALIZED = YES;
				CLANG_ANALYZER_NONNULL = YES;
				CLANG_ANALYZER_NUMBER_OBJECT_CONVERSION = YES_AGGRESSIVE;
				CLANG_CXX_LANGUAGE_STANDARD = "gnu++14";
				CLANG_CXX_LIBRARY = "libc++";
				CLANG_ENABLE_MODULES = YES;
				CLANG_ENABLE_OBJC_ARC = YES;
				CLANG_ENABLE_OBJC_WEAK = YES;
				CLANG_WARN_BLOCK_CAPTURE_AUTORELEASING = YES;
				CLANG_WARN_BOOL_CONVERSION = YES;
				CLANG_WARN_COMMA = YES;
				CLANG_WARN_CONSTANT_CONVERSION = YES;
				CLANG_WARN_DEPRECATED_OBJC_IMPLEMENTATIONS = YES;
				CLANG_WARN_DIRECT_OBJC_ISA_USAGE = YES_ERROR;
				CLANG_WARN_DOCUMENTATION_COMMENTS = YES;
				CLANG_WARN_EMPTY_BODY = YES;
				CLANG_WARN_ENUM_CONVERSION = YES;
				CLANG_WARN_INFINITE_RECURSION = YES;
				CLANG_WARN_INT_CONVERSION = YES;
				CLANG_WARN_NON_LITERAL_NULL_CONVERSION = YES;
				CLANG_WARN_OBJC_IMPLICIT_RETAIN_SELF = YES;
				CLANG_WARN_OBJC_LITERAL_CONVERSION = YES;
				CLANG_WARN_OBJC_ROOT_CLASS = YES_ERROR;
				CLANG_WARN_QUOTED_INCLUDE_IN_FRAMEWORK_HEADER = YES;
				CLANG_WARN_RANGE_LOOP_ANALYSIS = YES;
				CLANG_WARN_STRICT_PROTOTYPES = YES;
				CLANG_WARN_SUSPICIOUS_MOVE = YES;
				CLANG_WARN_UNGUARDED_AVAILABILITY = YES_AGGRESSIVE;
				CLANG_WARN_UNREACHABLE_CODE = YES;
				CLANG_WARN__DUPLICATE_METHOD_MATCH = YES;
				CODE_SIGN_STYLE = Automatic;
				COPY_PHASE_STRIP = NO;
				DEAD_CODE_STRIPPING = YES;
				DEBUG_INFORMATION_FORMAT = "dwarf-with-dsym";
				DISPLAY_NAME = "Tracker Blocker β";
				ENABLE_NS_ASSERTIONS = NO;
				ENABLE_STRICT_OBJC_MSGSEND = YES;
				GCC_C_LANGUAGE_STANDARD = gnu11;
				GCC_NO_COMMON_BLOCKS = YES;
				GCC_WARN_64_TO_32_BIT_CONVERSION = YES;
				GCC_WARN_ABOUT_RETURN_TYPE = YES_ERROR;
				GCC_WARN_UNDECLARED_SELECTOR = YES;
				GCC_WARN_UNINITIALIZED_AUTOS = YES_AGGRESSIVE;
				GCC_WARN_UNUSED_FUNCTION = YES;
				GCC_WARN_UNUSED_VARIABLE = YES;
				MTL_ENABLE_DEBUG_INFO = NO;
				PRODUCT_BUNDLE_IDENTIFIER_BASE = com.brunos.trackerblockermvp.beta.release;
				PRODUCT_NAME = "$(TARGET_NAME)";
				SDKROOT = iphoneos;
				SUPPORTS_MACCATALYST = NO;
				SWIFT_ACTIVE_COMPILATION_CONDITIONS = PRODUCTION;
				SWIFT_VERSION = 5.10;
				TARGETED_DEVICE_FAMILY = "1,2";
				VALIDATE_PRODUCT = YES;
				VALIDATE_WORKSPACE = YES;
			};
			name = "Beta Release";
		};
		19925B13758CFBBC26793312 /* Alpha Debug */ = {
			isa = XCBuildConfiguration;
			buildSettings = {
				ALWAYS_SEARCH_USER_PATHS = NO;
				APPLICATION_EXTENSION_API_ONLY = NO;
				CLANG_ANALYZER_LOCALIZABILITY_NONLOCALIZED = YES;
				CLANG_ANALYZER_NONNULL = YES;
				CLANG_ANALYZER_NUMBER_OBJECT_CONVERSION = YES_AGGRESSIVE;
				CLANG_CXX_LANGUAGE_STANDARD = "gnu++14";
				CLANG_CXX_LIBRARY = "libc++";
				CLANG_ENABLE_MODULES = YES;
				CLANG_ENABLE_OBJC_ARC = YES;
				CLANG_ENABLE_OBJC_WEAK = YES;
				CLANG_WARN_BLOCK_CAPTURE_AUTORELEASING = YES;
				CLANG_WARN_BOOL_CONVERSION = YES;
				CLANG_WARN_COMMA = YES;
				CLANG_WARN_CONSTANT_CONVERSION = YES;
				CLANG_WARN_DEPRECATED_OBJC_IMPLEMENTATIONS = YES;
				CLANG_WARN_DIRECT_OBJC_ISA_USAGE = YES_ERROR;
				CLANG_WARN_DOCUMENTATION_COMMENTS = YES;
				CLANG_WARN_EMPTY_BODY = YES;
				CLANG_WARN_ENUM_CONVERSION = YES;
				CLANG_WARN_INFINITE_RECURSION = YES;
				CLANG_WARN_INT_CONVERSION = YES;
				CLANG_WARN_NON_LITERAL_NULL_CONVERSION = YES;
				CLANG_WARN_OBJC_IMPLICIT_RETAIN_SELF = YES;
				CLANG_WARN_OBJC_LITERAL_CONVERSION = YES;
				CLANG_WARN_OBJC_ROOT_CLASS = YES_ERROR;
				CLANG_WARN_QUOTED_INCLUDE_IN_FRAMEWORK_HEADER = YES;
				CLANG_WARN_RANGE_LOOP_ANALYSIS = YES;
				CLANG_WARN_STRICT_PROTOTYPES = YES;
				CLANG_WARN_SUSPICIOUS_MOVE = YES;
				CLANG_WARN_UNGUARDED_AVAILABILITY = YES_AGGRESSIVE;
				CLANG_WARN_UNREACHABLE_CODE = YES;
				CLANG_WARN__DUPLICATE_METHOD_MATCH = YES;
				CODE_SIGN_STYLE = Automatic;
				COPY_PHASE_STRIP = NO;
				DEAD_CODE_STRIPPING = YES;
				DEBUG_INFORMATION_FORMAT = dwarf;
				DISPLAY_NAME = "Tracker Blocker α";
				ENABLE_STRICT_OBJC_MSGSEND = YES;
				ENABLE_TESTABILITY = YES;
				GCC_C_LANGUAGE_STANDARD = gnu11;
				GCC_DYNAMIC_NO_PIC = NO;
				GCC_NO_COMMON_BLOCKS = YES;
				GCC_OPTIMIZATION_LEVEL = 0;
				GCC_PREPROCESSOR_DEFINITIONS = (
					"DEBUG=1",
					"$(inherited)",
				);
				GCC_WARN_64_TO_32_BIT_CONVERSION = YES;
				GCC_WARN_ABOUT_RETURN_TYPE = YES_ERROR;
				GCC_WARN_UNDECLARED_SELECTOR = YES;
				GCC_WARN_UNINITIALIZED_AUTOS = YES_AGGRESSIVE;
				GCC_WARN_UNUSED_FUNCTION = YES;
				GCC_WARN_UNUSED_VARIABLE = YES;
				MTL_ENABLE_DEBUG_INFO = YES;
				ONLY_ACTIVE_ARCH = YES;
				OTHER_SWIFT_FLAGS = "$(inherited) -Xfrontend -warn-long-expression-type-checking=240 -Xfrontend -debug-time-function-bodies -Xfrontend -warn-long-function-bodies=240";
				PRODUCT_BUNDLE_IDENTIFIER_BASE = com.brunos.trackerblockermvp.alpha;
				PRODUCT_NAME = "$(TARGET_NAME)";
				SDKROOT = iphoneos;
				SUPPORTS_MACCATALYST = NO;
				SWIFT_ACTIVE_COMPILATION_CONDITIONS = DEBUG;
				SWIFT_VERSION = 5.10;
				TARGETED_DEVICE_FAMILY = "1,2";
				VALIDATE_WORKSPACE = YES;
			};
			name = "Alpha Debug";
		};
		32D1E7ECE81D816A2AF1D694 /* Beta Debug */ = {
			isa = XCBuildConfiguration;
			buildSettings = {
				BUNDLE_LOADER = "$(TEST_HOST)";
				CODE_SIGN_IDENTITY = "iPhone Developer";
				INFOPLIST_FILE = "Derived/InfoPlists/Unit-Info.plist";
				IPHONEOS_DEPLOYMENT_TARGET = 17.0;
				LD_RUNPATH_SEARCH_PATHS = (
					"$(inherited)",
					"@executable_path/Frameworks",
					"@loader_path/Frameworks",
				);
				PRODUCT_BUNDLE_IDENTIFIER = "$(PRODUCT_BUNDLE_IDENTIFIER_BASE).Unit";
				PRODUCT_NAME = Unit;
				SDKROOT = iphoneos;
				SUPPORTS_MACCATALYST = NO;
				SUPPORTS_MAC_DESIGNED_FOR_IPHONE_IPAD = YES;
				SUPPORTS_XR_DESIGNED_FOR_IPHONE_IPAD = NO;
				SWIFT_COMPILATION_MODE = singlefile;
				SWIFT_OPTIMIZATION_LEVEL = "-Onone";
				TARGETED_DEVICE_FAMILY = "1,2";
				TEST_HOST = "$(BUILT_PRODUCTS_DIR)/iOS.app/$(BUNDLE_EXECUTABLE_FOLDER_PATH)/iOS";
				TEST_TARGET_NAME = iOS;
			};
			name = "Beta Debug";
		};
		4F3139B00DA837429179F459 /* AppStore Release */ = {
			isa = XCBuildConfiguration;
			buildSettings = {
				ALWAYS_SEARCH_USER_PATHS = NO;
				APPLICATION_EXTENSION_API_ONLY = NO;
				CLANG_ANALYZER_LOCALIZABILITY_NONLOCALIZED = YES;
				CLANG_ANALYZER_NONNULL = YES;
				CLANG_ANALYZER_NUMBER_OBJECT_CONVERSION = YES_AGGRESSIVE;
				CLANG_CXX_LANGUAGE_STANDARD = "gnu++14";
				CLANG_CXX_LIBRARY = "libc++";
				CLANG_ENABLE_MODULES = YES;
				CLANG_ENABLE_OBJC_ARC = YES;
				CLANG_ENABLE_OBJC_WEAK = YES;
				CLANG_WARN_BLOCK_CAPTURE_AUTORELEASING = YES;
				CLANG_WARN_BOOL_CONVERSION = YES;
				CLANG_WARN_COMMA = YES;
				CLANG_WARN_CONSTANT_CONVERSION = YES;
				CLANG_WARN_DEPRECATED_OBJC_IMPLEMENTATIONS = YES;
				CLANG_WARN_DIRECT_OBJC_ISA_USAGE = YES_ERROR;
				CLANG_WARN_DOCUMENTATION_COMMENTS = YES;
				CLANG_WARN_EMPTY_BODY = YES;
				CLANG_WARN_ENUM_CONVERSION = YES;
				CLANG_WARN_INFINITE_RECURSION = YES;
				CLANG_WARN_INT_CONVERSION = YES;
				CLANG_WARN_NON_LITERAL_NULL_CONVERSION = YES;
				CLANG_WARN_OBJC_IMPLICIT_RETAIN_SELF = YES;
				CLANG_WARN_OBJC_LITERAL_CONVERSION = YES;
				CLANG_WARN_OBJC_ROOT_CLASS = YES_ERROR;
				CLANG_WARN_QUOTED_INCLUDE_IN_FRAMEWORK_HEADER = YES;
				CLANG_WARN_RANGE_LOOP_ANALYSIS = YES;
				CLANG_WARN_STRICT_PROTOTYPES = YES;
				CLANG_WARN_SUSPICIOUS_MOVE = YES;
				CLANG_WARN_UNGUARDED_AVAILABILITY = YES_AGGRESSIVE;
				CLANG_WARN_UNREACHABLE_CODE = YES;
				CLANG_WARN__DUPLICATE_METHOD_MATCH = YES;
				CODE_SIGN_STYLE = Automatic;
				COPY_PHASE_STRIP = NO;
				DEAD_CODE_STRIPPING = YES;
				DEBUG_INFORMATION_FORMAT = "dwarf-with-dsym";
				DISPLAY_NAME = "Tracker Blocker";
				ENABLE_NS_ASSERTIONS = NO;
				ENABLE_STRICT_OBJC_MSGSEND = YES;
				GCC_C_LANGUAGE_STANDARD = gnu11;
				GCC_NO_COMMON_BLOCKS = YES;
				GCC_WARN_64_TO_32_BIT_CONVERSION = YES;
				GCC_WARN_ABOUT_RETURN_TYPE = YES_ERROR;
				GCC_WARN_UNDECLARED_SELECTOR = YES;
				GCC_WARN_UNINITIALIZED_AUTOS = YES_AGGRESSIVE;
				GCC_WARN_UNUSED_FUNCTION = YES;
				GCC_WARN_UNUSED_VARIABLE = YES;
				MTL_ENABLE_DEBUG_INFO = NO;
				PRODUCT_BUNDLE_IDENTIFIER_BASE = com.brunos.trackerblockermvp;
				PRODUCT_NAME = "$(TARGET_NAME)";
				SDKROOT = iphoneos;
				SUPPORTS_MACCATALYST = NO;
				SWIFT_ACTIVE_COMPILATION_CONDITIONS = PRODUCTION;
				SWIFT_VERSION = 5.10;
				TARGETED_DEVICE_FAMILY = "1,2";
				VALIDATE_PRODUCT = YES;
				VALIDATE_WORKSPACE = YES;
			};
			name = "AppStore Release";
		};
		68E42E3917B60CB20952668A /* Debug */ = {
			isa = XCBuildConfiguration;
			buildSettings = {
				BUNDLE_LOADER = "$(TEST_HOST)";
				CODE_SIGN_IDENTITY = "iPhone Developer";
				INFOPLIST_FILE = "Derived/InfoPlists/Unit-Info.plist";
				IPHONEOS_DEPLOYMENT_TARGET = 17.0;
				LD_RUNPATH_SEARCH_PATHS = (
					"$(inherited)",
					"@executable_path/Frameworks",
					"@loader_path/Frameworks",
				);
				PRODUCT_BUNDLE_IDENTIFIER = "$(PRODUCT_BUNDLE_IDENTIFIER_BASE).Unit";
				PRODUCT_NAME = Unit;
				SDKROOT = iphoneos;
				SUPPORTS_MACCATALYST = NO;
				SUPPORTS_MAC_DESIGNED_FOR_IPHONE_IPAD = YES;
				SUPPORTS_XR_DESIGNED_FOR_IPHONE_IPAD = NO;
				SWIFT_COMPILATION_MODE = singlefile;
				SWIFT_OPTIMIZATION_LEVEL = "-Onone";
				TARGETED_DEVICE_FAMILY = "1,2";
				TEST_HOST = "$(BUILT_PRODUCTS_DIR)/iOS.app/$(BUNDLE_EXECUTABLE_FOLDER_PATH)/iOS";
				TEST_TARGET_NAME = iOS;
			};
			name = Debug;
		};
		86F6B942EABACC9D67C3F0C6 /* Release */ = {
			isa = XCBuildConfiguration;
			buildSettings = {
				BUNDLE_LOADER = "$(TEST_HOST)";
				CODE_SIGN_IDENTITY = "iPhone Developer";
				INFOPLIST_FILE = "Derived/InfoPlists/Unit-Info.plist";
				IPHONEOS_DEPLOYMENT_TARGET = 17.0;
				LD_RUNPATH_SEARCH_PATHS = (
					"$(inherited)",
					"@executable_path/Frameworks",
					"@loader_path/Frameworks",
				);
				PRODUCT_BUNDLE_IDENTIFIER = "$(PRODUCT_BUNDLE_IDENTIFIER_BASE).Unit";
				PRODUCT_NAME = Unit;
				SDKROOT = iphoneos;
				SUPPORTS_MACCATALYST = NO;
				SUPPORTS_MAC_DESIGNED_FOR_IPHONE_IPAD = YES;
				SUPPORTS_XR_DESIGNED_FOR_IPHONE_IPAD = NO;
				SWIFT_COMPILATION_MODE = wholemodule;
				SWIFT_OPTIMIZATION_LEVEL = "-Owholemodule";
				TARGETED_DEVICE_FAMILY = "1,2";
				TEST_HOST = "$(BUILT_PRODUCTS_DIR)/iOS.app/$(BUNDLE_EXECUTABLE_FOLDER_PATH)/iOS";
				TEST_TARGET_NAME = iOS;
			};
			name = Release;
		};
		875E480E8A4ECCB92C58657E /* Beta Debug */ = {
			isa = XCBuildConfiguration;
			buildSettings = {
				ALWAYS_SEARCH_USER_PATHS = NO;
				APPLICATION_EXTENSION_API_ONLY = NO;
				CLANG_ANALYZER_LOCALIZABILITY_NONLOCALIZED = YES;
				CLANG_ANALYZER_NONNULL = YES;
				CLANG_ANALYZER_NUMBER_OBJECT_CONVERSION = YES_AGGRESSIVE;
				CLANG_CXX_LANGUAGE_STANDARD = "gnu++14";
				CLANG_CXX_LIBRARY = "libc++";
				CLANG_ENABLE_MODULES = YES;
				CLANG_ENABLE_OBJC_ARC = YES;
				CLANG_ENABLE_OBJC_WEAK = YES;
				CLANG_WARN_BLOCK_CAPTURE_AUTORELEASING = YES;
				CLANG_WARN_BOOL_CONVERSION = YES;
				CLANG_WARN_COMMA = YES;
				CLANG_WARN_CONSTANT_CONVERSION = YES;
				CLANG_WARN_DEPRECATED_OBJC_IMPLEMENTATIONS = YES;
				CLANG_WARN_DIRECT_OBJC_ISA_USAGE = YES_ERROR;
				CLANG_WARN_DOCUMENTATION_COMMENTS = YES;
				CLANG_WARN_EMPTY_BODY = YES;
				CLANG_WARN_ENUM_CONVERSION = YES;
				CLANG_WARN_INFINITE_RECURSION = YES;
				CLANG_WARN_INT_CONVERSION = YES;
				CLANG_WARN_NON_LITERAL_NULL_CONVERSION = YES;
				CLANG_WARN_OBJC_IMPLICIT_RETAIN_SELF = YES;
				CLANG_WARN_OBJC_LITERAL_CONVERSION = YES;
				CLANG_WARN_OBJC_ROOT_CLASS = YES_ERROR;
				CLANG_WARN_QUOTED_INCLUDE_IN_FRAMEWORK_HEADER = YES;
				CLANG_WARN_RANGE_LOOP_ANALYSIS = YES;
				CLANG_WARN_STRICT_PROTOTYPES = YES;
				CLANG_WARN_SUSPICIOUS_MOVE = YES;
				CLANG_WARN_UNGUARDED_AVAILABILITY = YES_AGGRESSIVE;
				CLANG_WARN_UNREACHABLE_CODE = YES;
				CLANG_WARN__DUPLICATE_METHOD_MATCH = YES;
				CODE_SIGN_STYLE = Automatic;
				COPY_PHASE_STRIP = NO;
				DEAD_CODE_STRIPPING = YES;
				DEBUG_INFORMATION_FORMAT = dwarf;
				DISPLAY_NAME = "Tracker Blocker β";
				ENABLE_STRICT_OBJC_MSGSEND = YES;
				ENABLE_TESTABILITY = YES;
				GCC_C_LANGUAGE_STANDARD = gnu11;
				GCC_DYNAMIC_NO_PIC = NO;
				GCC_NO_COMMON_BLOCKS = YES;
				GCC_OPTIMIZATION_LEVEL = 0;
				GCC_PREPROCESSOR_DEFINITIONS = (
					"DEBUG=1",
					"$(inherited)",
				);
				GCC_WARN_64_TO_32_BIT_CONVERSION = YES;
				GCC_WARN_ABOUT_RETURN_TYPE = YES_ERROR;
				GCC_WARN_UNDECLARED_SELECTOR = YES;
				GCC_WARN_UNINITIALIZED_AUTOS = YES_AGGRESSIVE;
				GCC_WARN_UNUSED_FUNCTION = YES;
				GCC_WARN_UNUSED_VARIABLE = YES;
				MTL_ENABLE_DEBUG_INFO = YES;
				ONLY_ACTIVE_ARCH = YES;
				PRODUCT_BUNDLE_IDENTIFIER_BASE = com.brunos.trackerblockermvp.beta;
				PRODUCT_NAME = "$(TARGET_NAME)";
				SDKROOT = iphoneos;
				SUPPORTS_MACCATALYST = NO;
				SWIFT_ACTIVE_COMPILATION_CONDITIONS = DEBUG;
				SWIFT_VERSION = 5.10;
				TARGETED_DEVICE_FAMILY = "1,2";
				VALIDATE_WORKSPACE = YES;
			};
			name = "Beta Debug";
		};
		D78FBBEB1F8FC42FDEB7122E /* Beta Release */ = {
			isa = XCBuildConfiguration;
			buildSettings = {
				ASSETCATALOG_COMPILER_APPICON_NAME = AppIcon;
				CODE_SIGN_ENTITLEMENTS = "Supporting files/Entitlements/DebugBeta.entitlements";
				CODE_SIGN_IDENTITY = "iPhone Developer";
				DEVELOPMENT_TEAM = 3C5G49HFXP;
				ENABLE_PREVIEWS = YES;
				INFOPLIST_FILE = "Supporting files/Infoplist/Info-beta.plist";
				IPHONEOS_DEPLOYMENT_TARGET = 17.0;
				LAUNCH_SCREEN = LaunchScreen;
				LD_RUNPATH_SEARCH_PATHS = (
					"$(inherited)",
					"@executable_path/Frameworks",
				);
				PRODUCT_BUNDLE_IDENTIFIER = "$(PRODUCT_BUNDLE_IDENTIFIER_BASE)";
				PRODUCT_NAME = iOS;
				SDKROOT = iphoneos;
				SUPPORTS_MACCATALYST = NO;
				SUPPORTS_MAC_DESIGNED_FOR_IPHONE_IPAD = YES;
				SUPPORTS_XR_DESIGNED_FOR_IPHONE_IPAD = NO;
				SWIFT_COMPILATION_MODE = wholemodule;
				SWIFT_OPTIMIZATION_LEVEL = "-Owholemodule";
				TARGETED_DEVICE_FAMILY = "1,2";
			};
			name = "Beta Release";
		};
		DED9FB738070BF067A3F25AC /* Alpha Debug */ = {
			isa = XCBuildConfiguration;
			buildSettings = {
				BUNDLE_LOADER = "$(TEST_HOST)";
				CODE_SIGN_IDENTITY = "iPhone Developer";
				INFOPLIST_FILE = "Derived/InfoPlists/Unit-Info.plist";
				IPHONEOS_DEPLOYMENT_TARGET = 17.0;
				LD_RUNPATH_SEARCH_PATHS = (
					"$(inherited)",
					"@executable_path/Frameworks",
					"@loader_path/Frameworks",
				);
				PRODUCT_BUNDLE_IDENTIFIER = "$(PRODUCT_BUNDLE_IDENTIFIER_BASE).Unit";
				PRODUCT_NAME = Unit;
				SDKROOT = iphoneos;
				SUPPORTS_MACCATALYST = NO;
				SUPPORTS_MAC_DESIGNED_FOR_IPHONE_IPAD = YES;
				SUPPORTS_XR_DESIGNED_FOR_IPHONE_IPAD = NO;
				SWIFT_COMPILATION_MODE = singlefile;
				SWIFT_OPTIMIZATION_LEVEL = "-Onone";
				TARGETED_DEVICE_FAMILY = "1,2";
				TEST_HOST = "$(BUILT_PRODUCTS_DIR)/iOS.app/$(BUNDLE_EXECUTABLE_FOLDER_PATH)/iOS";
				TEST_TARGET_NAME = iOS;
			};
			name = "Alpha Debug";
		};
		DF059708FA859270595DDBA4 /* AppStore Release */ = {
			isa = XCBuildConfiguration;
			buildSettings = {
				ASSETCATALOG_COMPILER_APPICON_NAME = AppIcon;
				CODE_SIGN_ENTITLEMENTS = "Supporting files/Entitlements/AppStore.entitlements";
				CODE_SIGN_IDENTITY = "iPhone Developer";
				DEVELOPMENT_TEAM = 3C5G49HFXP;
				ENABLE_PREVIEWS = YES;
				INFOPLIST_FILE = "Supporting files/Infoplist/Info-appstore.plist";
				IPHONEOS_DEPLOYMENT_TARGET = 17.0;
				LAUNCH_SCREEN = LaunchScreen;
				LD_RUNPATH_SEARCH_PATHS = (
					"$(inherited)",
					"@executable_path/Frameworks",
				);
				PRODUCT_BUNDLE_IDENTIFIER = "$(PRODUCT_BUNDLE_IDENTIFIER_BASE)";
				PRODUCT_NAME = iOS;
				SDKROOT = iphoneos;
				SUPPORTS_MACCATALYST = NO;
				SUPPORTS_MAC_DESIGNED_FOR_IPHONE_IPAD = YES;
				SUPPORTS_XR_DESIGNED_FOR_IPHONE_IPAD = NO;
				SWIFT_COMPILATION_MODE = wholemodule;
				SWIFT_OPTIMIZATION_LEVEL = "-Owholemodule";
				TARGETED_DEVICE_FAMILY = "1,2";
			};
			name = "AppStore Release";
		};
		F22BE35864530942CFDDD5A9 /* Alpha Debug */ = {
			isa = XCBuildConfiguration;
			buildSettings = {
				ASSETCATALOG_COMPILER_APPICON_NAME = AppIcon;
				CODE_SIGN_ENTITLEMENTS = "Supporting files/Entitlements/DebugAlpha.entitlements";
				CODE_SIGN_IDENTITY = "iPhone Developer";
				DEVELOPMENT_TEAM = 3C5G49HFXP;
				ENABLE_PREVIEWS = YES;
				INFOPLIST_FILE = "Supporting files/Infoplist/Info-alpha.plist";
				IPHONEOS_DEPLOYMENT_TARGET = 17.0;
				LAUNCH_SCREEN = LaunchScreen;
				LD_RUNPATH_SEARCH_PATHS = (
					"$(inherited)",
					"@executable_path/Frameworks",
				);
				PRODUCT_BUNDLE_IDENTIFIER = "$(PRODUCT_BUNDLE_IDENTIFIER_BASE)";
				PRODUCT_NAME = iOS;
				SDKROOT = iphoneos;
				SUPPORTS_MACCATALYST = NO;
				SUPPORTS_MAC_DESIGNED_FOR_IPHONE_IPAD = YES;
				SUPPORTS_XR_DESIGNED_FOR_IPHONE_IPAD = NO;
				SWIFT_COMPILATION_MODE = singlefile;
				SWIFT_OPTIMIZATION_LEVEL = "-Onone";
				TARGETED_DEVICE_FAMILY = "1,2";
			};
			name = "Alpha Debug";
		};
		FE850E988FD44A60A617AAF1 /* AppStore Release */ = {
			isa = XCBuildConfiguration;
			buildSettings = {
				BUNDLE_LOADER = "$(TEST_HOST)";
				CODE_SIGN_IDENTITY = "iPhone Developer";
				INFOPLIST_FILE = "Derived/InfoPlists/Unit-Info.plist";
				IPHONEOS_DEPLOYMENT_TARGET = 17.0;
				LD_RUNPATH_SEARCH_PATHS = (
					"$(inherited)",
					"@executable_path/Frameworks",
					"@loader_path/Frameworks",
				);
				PRODUCT_BUNDLE_IDENTIFIER = "$(PRODUCT_BUNDLE_IDENTIFIER_BASE).Unit";
				PRODUCT_NAME = Unit;
				SDKROOT = iphoneos;
				SUPPORTS_MACCATALYST = NO;
				SUPPORTS_MAC_DESIGNED_FOR_IPHONE_IPAD = YES;
				SUPPORTS_XR_DESIGNED_FOR_IPHONE_IPAD = NO;
				SWIFT_COMPILATION_MODE = wholemodule;
				SWIFT_OPTIMIZATION_LEVEL = "-Owholemodule";
				TARGETED_DEVICE_FAMILY = "1,2";
				TEST_HOST = "$(BUILT_PRODUCTS_DIR)/iOS.app/$(BUNDLE_EXECUTABLE_FOLDER_PATH)/iOS";
				TEST_TARGET_NAME = iOS;
			};
			name = "AppStore Release";
		};
/* End XCBuildConfiguration section */

/* Begin XCConfigurationList section */
		431A710F3E65204D91DD71D2 /* Build configuration list for PBXProject "TrackerBlockerMVP" */ = {
			isa = XCConfigurationList;
			buildConfigurations = (
				19925B13758CFBBC26793312 /* Alpha Debug */,
				4F3139B00DA837429179F459 /* AppStore Release */,
				875E480E8A4ECCB92C58657E /* Beta Debug */,
				0E939E9DA746B6F312B08E8D /* Beta Release */,
			);
			defaultConfigurationIsVisible = 0;
			defaultConfigurationName = "AppStore Release";
		};
		7A54C9411EB1F5B36E116F98 /* Build configuration list for PBXNativeTarget "Unit" */ = {
			isa = XCConfigurationList;
			buildConfigurations = (
				DED9FB738070BF067A3F25AC /* Alpha Debug */,
				FE850E988FD44A60A617AAF1 /* AppStore Release */,
				32D1E7ECE81D816A2AF1D694 /* Beta Debug */,
				0491FD33522972862EA07050 /* Beta Release */,
				68E42E3917B60CB20952668A /* Debug */,
				86F6B942EABACC9D67C3F0C6 /* Release */,
			);
			defaultConfigurationIsVisible = 0;
			defaultConfigurationName = "AppStore Release";
		};
		854A8771BD887FA06DACB257 /* Build configuration list for PBXNativeTarget "iOS" */ = {
			isa = XCConfigurationList;
			buildConfigurations = (
				F22BE35864530942CFDDD5A9 /* Alpha Debug */,
				DF059708FA859270595DDBA4 /* AppStore Release */,
				05FF8476A2610B97652DFFE9 /* Beta Debug */,
				D78FBBEB1F8FC42FDEB7122E /* Beta Release */,
			);
			defaultConfigurationIsVisible = 0;
			defaultConfigurationName = "AppStore Release";
		};
/* End XCConfigurationList section */
	};
	rootObject = CD4AAF2D5496AC82CA2B6A91 /* Project object */;
}
